// !$*UTF8*$!
{
	archiveVersion = 1;
	classes = {
	};
	objectVersion = 56;
	objects = {

/* Begin PBXBuildFile section */
		CA8F499A28A6CBD60057A2A8 /* iExpenseApp.swift in Sources */ = {isa = PBXBuildFile; fileRef = CA8F499928A6CBD60057A2A8 /* iExpenseApp.swift */; };
		CA8F499C28A6CBD60057A2A8 /* ContentView.swift in Sources */ = {isa = PBXBuildFile; fileRef = CA8F499B28A6CBD60057A2A8 /* ContentView.swift */; };
		CA8F499E28A6CBD70057A2A8 /* Assets.xcassets in Resources */ = {isa = PBXBuildFile; fileRef = CA8F499D28A6CBD70057A2A8 /* Assets.xcassets */; };
		CA8F49A128A6CBD70057A2A8 /* Preview Assets.xcassets in Resources */ = {isa = PBXBuildFile; fileRef = CA8F49A028A6CBD70057A2A8 /* Preview Assets.xcassets */; };
		CA8F49A828A6CD020057A2A8 /* StatesOverview.swift in Sources */ = {isa = PBXBuildFile; fileRef = CA8F49A728A6CD020057A2A8 /* StatesOverview.swift */; };
		CA8F49AA28A6D1B00057A2A8 /* SheetsOverview.swift in Sources */ = {isa = PBXBuildFile; fileRef = CA8F49A928A6D1B00057A2A8 /* SheetsOverview.swift */; };
		CA8F49AE28A6D3B80057A2A8 /* OnDeleteOverview.swift in Sources */ = {isa = PBXBuildFile; fileRef = CA8F49AD28A6D3B80057A2A8 /* OnDeleteOverview.swift */; };
		CA8F49B028A6D5680057A2A8 /* UserSettingsOverview.swift in Sources */ = {isa = PBXBuildFile; fileRef = CA8F49AF28A6D5680057A2A8 /* UserSettingsOverview.swift */; };
		CA8F49B228A6D8930057A2A8 /* ObjectArchivalOverview.swift in Sources */ = {isa = PBXBuildFile; fileRef = CA8F49B128A6D8930057A2A8 /* ObjectArchivalOverview.swift */; };
		CA8F49B528A6E0570057A2A8 /* ExpenseItem.swift in Sources */ = {isa = PBXBuildFile; fileRef = CA8F49B428A6E0570057A2A8 /* ExpenseItem.swift */; };
		CA8F49B728A6E08F0057A2A8 /* Expenses.swift in Sources */ = {isa = PBXBuildFile; fileRef = CA8F49B628A6E08F0057A2A8 /* Expenses.swift */; };
		CA8F49B928A6E7A60057A2A8 /* AddView.swift in Sources */ = {isa = PBXBuildFile; fileRef = CA8F49B828A6E7A60057A2A8 /* AddView.swift */; };
/* End PBXBuildFile section */

/* Begin PBXFileReference section */
		CA8F499628A6CBD60057A2A8 /* iExpense.app */ = {isa = PBXFileReference; explicitFileType = wrapper.application; includeInIndex = 0; path = iExpense.app; sourceTree = BUILT_PRODUCTS_DIR; };
		CA8F499928A6CBD60057A2A8 /* iExpenseApp.swift */ = {isa = PBXFileReference; lastKnownFileType = sourcecode.swift; path = iExpenseApp.swift; sourceTree = "<group>"; };
		CA8F499B28A6CBD60057A2A8 /* ContentView.swift */ = {isa = PBXFileReference; lastKnownFileType = sourcecode.swift; path = ContentView.swift; sourceTree = "<group>"; };
		CA8F499D28A6CBD70057A2A8 /* Assets.xcassets */ = {isa = PBXFileReference; lastKnownFileType = folder.assetcatalog; path = Assets.xcassets; sourceTree = "<group>"; };
		CA8F49A028A6CBD70057A2A8 /* Preview Assets.xcassets */ = {isa = PBXFileReference; lastKnownFileType = folder.assetcatalog; path = "Preview Assets.xcassets"; sourceTree = "<group>"; };
		CA8F49A728A6CD020057A2A8 /* StatesOverview.swift */ = {isa = PBXFileReference; lastKnownFileType = sourcecode.swift; path = StatesOverview.swift; sourceTree = "<group>"; };
		CA8F49A928A6D1B00057A2A8 /* SheetsOverview.swift */ = {isa = PBXFileReference; lastKnownFileType = sourcecode.swift; path = SheetsOverview.swift; sourceTree = "<group>"; };
		CA8F49AD28A6D3B80057A2A8 /* OnDeleteOverview.swift */ = {isa = PBXFileReference; lastKnownFileType = sourcecode.swift; path = OnDeleteOverview.swift; sourceTree = "<group>"; };
		CA8F49AF28A6D5680057A2A8 /* UserSettingsOverview.swift */ = {isa = PBXFileReference; lastKnownFileType = sourcecode.swift; path = UserSettingsOverview.swift; sourceTree = "<group>"; };
		CA8F49B128A6D8930057A2A8 /* ObjectArchivalOverview.swift */ = {isa = PBXFileReference; lastKnownFileType = sourcecode.swift; path = ObjectArchivalOverview.swift; sourceTree = "<group>"; };
		CA8F49B428A6E0570057A2A8 /* ExpenseItem.swift */ = {isa = PBXFileReference; lastKnownFileType = sourcecode.swift; path = ExpenseItem.swift; sourceTree = "<group>"; usesTabs = 0; wrapsLines = 1; };
		CA8F49B628A6E08F0057A2A8 /* Expenses.swift */ = {isa = PBXFileReference; lastKnownFileType = sourcecode.swift; path = Expenses.swift; sourceTree = "<group>"; };
		CA8F49B828A6E7A60057A2A8 /* AddView.swift */ = {isa = PBXFileReference; lastKnownFileType = sourcecode.swift; path = AddView.swift; sourceTree = "<group>"; };
/* End PBXFileReference section */

/* Begin PBXFrameworksBuildPhase section */
		CA8F499328A6CBD60057A2A8 /* Frameworks */ = {
			isa = PBXFrameworksBuildPhase;
			buildActionMask = 2147483647;
			files = (
			);
			runOnlyForDeploymentPostprocessing = 0;
		};
/* End PBXFrameworksBuildPhase section */

/* Begin PBXGroup section */
		CA8F498D28A6CBD60057A2A8 = {
			isa = PBXGroup;
			children = (
				CA8F499828A6CBD60057A2A8 /* iExpense */,
				CA8F499728A6CBD60057A2A8 /* Products */,
			);
			sourceTree = "<group>";
		};
		CA8F499728A6CBD60057A2A8 /* Products */ = {
			isa = PBXGroup;
			children = (
				CA8F499628A6CBD60057A2A8 /* iExpense.app */,
			);
			name = Products;
			sourceTree = "<group>";
		};
		CA8F499828A6CBD60057A2A8 /* iExpense */ = {
			isa = PBXGroup;
			children = (
				CA8F49B328A6E0220057A2A8 /* Overviews */,
				CA8F499D28A6CBD70057A2A8 /* Assets.xcassets */,
				CA8F499B28A6CBD60057A2A8 /* ContentView.swift */,
				CA8F499928A6CBD60057A2A8 /* iExpenseApp.swift */,
				CA8F499F28A6CBD70057A2A8 /* Preview Content */,
				CA8F49B428A6E0570057A2A8 /* ExpenseItem.swift */,
				CA8F49B628A6E08F0057A2A8 /* Expenses.swift */,
				CA8F49B828A6E7A60057A2A8 /* AddView.swift */,
			);
			path = iExpense;
			sourceTree = "<group>";
		};
		CA8F499F28A6CBD70057A2A8 /* Preview Content */ = {
			isa = PBXGroup;
			children = (
				CA8F49A028A6CBD70057A2A8 /* Preview Assets.xcassets */,
			);
			path = "Preview Content";
			sourceTree = "<group>";
		};
		CA8F49B328A6E0220057A2A8 /* Overviews */ = {
			isa = PBXGroup;
			children = (
				CA8F49AD28A6D3B80057A2A8 /* OnDeleteOverview.swift */,
				CA8F49A928A6D1B00057A2A8 /* SheetsOverview.swift */,
				CA8F49A728A6CD020057A2A8 /* StatesOverview.swift */,
				CA8F49AF28A6D5680057A2A8 /* UserSettingsOverview.swift */,
				CA8F49B128A6D8930057A2A8 /* ObjectArchivalOverview.swift */,
			);
			path = Overviews;
			sourceTree = "<group>";
		};
/* End PBXGroup section */

/* Begin PBXNativeTarget section */
		CA8F499528A6CBD60057A2A8 /* iExpense */ = {
			isa = PBXNativeTarget;
			buildConfigurationList = CA8F49A428A6CBD70057A2A8 /* Build configuration list for PBXNativeTarget "iExpense" */;
			buildPhases = (
				CA8F499228A6CBD60057A2A8 /* Sources */,
				CA8F499328A6CBD60057A2A8 /* Frameworks */,
				CA8F499428A6CBD60057A2A8 /* Resources */,
			);
			buildRules = (
			);
			dependencies = (
			);
			name = iExpense;
			productName = iExpense;
			productReference = CA8F499628A6CBD60057A2A8 /* iExpense.app */;
			productType = "com.apple.product-type.application";
		};
/* End PBXNativeTarget section */

/* Begin PBXProject section */
		CA8F498E28A6CBD60057A2A8 /* Project object */ = {
			isa = PBXProject;
			attributes = {
				BuildIndependentTargetsInParallel = 1;
				LastSwiftUpdateCheck = 1400;
				LastUpgradeCheck = 1400;
				TargetAttributes = {
					CA8F499528A6CBD60057A2A8 = {
						CreatedOnToolsVersion = 14.0;
					};
				};
			};
			buildConfigurationList = CA8F499128A6CBD60057A2A8 /* Build configuration list for PBXProject "iExpense" */;
			compatibilityVersion = "Xcode 14.0";
			developmentRegion = en;
			hasScannedForEncodings = 0;
			knownRegions = (
				en,
				Base,
			);
			mainGroup = CA8F498D28A6CBD60057A2A8;
			productRefGroup = CA8F499728A6CBD60057A2A8 /* Products */;
			projectDirPath = "";
			projectRoot = "";
			targets = (
				CA8F499528A6CBD60057A2A8 /* iExpense */,
			);
		};
/* End PBXProject section */

/* Begin PBXResourcesBuildPhase section */
		CA8F499428A6CBD60057A2A8 /* Resources */ = {
			isa = PBXResourcesBuildPhase;
			buildActionMask = 2147483647;
			files = (
				CA8F49A128A6CBD70057A2A8 /* Preview Assets.xcassets in Resources */,
				CA8F499E28A6CBD70057A2A8 /* Assets.xcassets in Resources */,
			);
			runOnlyForDeploymentPostprocessing = 0;
		};
/* End PBXResourcesBuildPhase section */

/* Begin PBXSourcesBuildPhase section */
		CA8F499228A6CBD60057A2A8 /* Sources */ = {
			isa = PBXSourcesBuildPhase;
			buildActionMask = 2147483647;
			files = (
				CA8F499C28A6CBD60057A2A8 /* ContentView.swift in Sources */,
				CA8F49A828A6CD020057A2A8 /* StatesOverview.swift in Sources */,
				CA8F49B928A6E7A60057A2A8 /* AddView.swift in Sources */,
				CA8F49AE28A6D3B80057A2A8 /* OnDeleteOverview.swift in Sources */,
				CA8F49B528A6E0570057A2A8 /* ExpenseItem.swift in Sources */,
				CA8F49AA28A6D1B00057A2A8 /* SheetsOverview.swift in Sources */,
				CA8F49B228A6D8930057A2A8 /* ObjectArchivalOverview.swift in Sources */,
				CA8F49B728A6E08F0057A2A8 /* Expenses.swift in Sources */,
				CA8F49B028A6D5680057A2A8 /* UserSettingsOverview.swift in Sources */,
				CA8F499A28A6CBD60057A2A8 /* iExpenseApp.swift in Sources */,
			);
			runOnlyForDeploymentPostprocessing = 0;
		};
/* End PBXSourcesBuildPhase section */

/* Begin XCBuildConfiguration section */
		CA8F49A228A6CBD70057A2A8 /* Debug */ = {
			isa = XCBuildConfiguration;
			buildSettings = {
				ALWAYS_SEARCH_USER_PATHS = NO;
				CLANG_ANALYZER_NONNULL = YES;
				CLANG_ANALYZER_NUMBER_OBJECT_CONVERSION = YES_AGGRESSIVE;
				CLANG_CXX_LANGUAGE_STANDARD = "gnu++20";
				CLANG_ENABLE_MODULES = YES;
				CLANG_ENABLE_OBJC_ARC = YES;
				CLANG_ENABLE_OBJC_WEAK = YES;
				CLANG_WARN_BLOCK_CAPTURE_AUTORELEASING = YES;
				CLANG_WARN_BOOL_CONVERSION = YES;
				CLANG_WARN_COMMA = YES;
				CLANG_WARN_CONSTANT_CONVERSION = YES;
				CLANG_WARN_DEPRECATED_OBJC_IMPLEMENTATIONS = YES;
				CLANG_WARN_DIRECT_OBJC_ISA_USAGE = YES_ERROR;
				CLANG_WARN_DOCUMENTATION_COMMENTS = YES;
				CLANG_WARN_EMPTY_BODY = YES;
				CLANG_WARN_ENUM_CONVERSION = YES;
				CLANG_WARN_INFINITE_RECURSION = YES;
				CLANG_WARN_INT_CONVERSION = YES;
				CLANG_WARN_NON_LITERAL_NULL_CONVERSION = YES;
				CLANG_WARN_OBJC_IMPLICIT_RETAIN_SELF = YES;
				CLANG_WARN_OBJC_LITERAL_CONVERSION = YES;
				CLANG_WARN_OBJC_ROOT_CLASS = YES_ERROR;
				CLANG_WARN_QUOTED_INCLUDE_IN_FRAMEWORK_HEADER = YES;
				CLANG_WARN_RANGE_LOOP_ANALYSIS = YES;
				CLANG_WARN_STRICT_PROTOTYPES = YES;
				CLANG_WARN_SUSPICIOUS_MOVE = YES;
				CLANG_WARN_UNGUARDED_AVAILABILITY = YES_AGGRESSIVE;
				CLANG_WARN_UNREACHABLE_CODE = YES;
				CLANG_WARN__DUPLICATE_METHOD_MATCH = YES;
				COPY_PHASE_STRIP = NO;
				DEBUG_INFORMATION_FORMAT = dwarf;
				ENABLE_STRICT_OBJC_MSGSEND = YES;
				ENABLE_TESTABILITY = YES;
				GCC_C_LANGUAGE_STANDARD = gnu11;
				GCC_DYNAMIC_NO_PIC = NO;
				GCC_NO_COMMON_BLOCKS = YES;
				GCC_OPTIMIZATION_LEVEL = 0;
				GCC_PREPROCESSOR_DEFINITIONS = (
					"DEBUG=1",
					"$(inherited)",
				);
				GCC_WARN_64_TO_32_BIT_CONVERSION = YES;
				GCC_WARN_ABOUT_RETURN_TYPE = YES_ERROR;
				GCC_WARN_UNDECLARED_SELECTOR = YES;
				GCC_WARN_UNINITIALIZED_AUTOS = YES_AGGRESSIVE;
				GCC_WARN_UNUSED_FUNCTION = YES;
				GCC_WARN_UNUSED_VARIABLE = YES;
				IPHONEOS_DEPLOYMENT_TARGET = 16.0;
				MTL_ENABLE_DEBUG_INFO = INCLUDE_SOURCE;
				MTL_FAST_MATH = YES;
				ONLY_ACTIVE_ARCH = YES;
				SDKROOT = iphoneos;
				SWIFT_ACTIVE_COMPILATION_CONDITIONS = DEBUG;
				SWIFT_OPTIMIZATION_LEVEL = "-Onone";
			};
			name = Debug;
		};
		CA8F49A328A6CBD70057A2A8 /* Release */ = {
			isa = XCBuildConfiguration;
			buildSettings = {
				ALWAYS_SEARCH_USER_PATHS = NO;
				CLANG_ANALYZER_NONNULL = YES;
				CLANG_ANALYZER_NUMBER_OBJECT_CONVERSION = YES_AGGRESSIVE;
				CLANG_CXX_LANGUAGE_STANDARD = "gnu++20";
				CLANG_ENABLE_MODULES = YES;
				CLANG_ENABLE_OBJC_ARC = YES;
				CLANG_ENABLE_OBJC_WEAK = YES;
				CLANG_WARN_BLOCK_CAPTURE_AUTORELEASING = YES;
				CLANG_WARN_BOOL_CONVERSION = YES;
				CLANG_WARN_COMMA = YES;
				CLANG_WARN_CONSTANT_CONVERSION = YES;
				CLANG_WARN_DEPRECATED_OBJC_IMPLEMENTATIONS = YES;
				CLANG_WARN_DIRECT_OBJC_ISA_USAGE = YES_ERROR;
				CLANG_WARN_DOCUMENTATION_COMMENTS = YES;
				CLANG_WARN_EMPTY_BODY = YES;
				CLANG_WARN_ENUM_CONVERSION = YES;
				CLANG_WARN_INFINITE_RECURSION = YES;
				CLANG_WARN_INT_CONVERSION = YES;
				CLANG_WARN_NON_LITERAL_NULL_CONVERSION = YES;
				CLANG_WARN_OBJC_IMPLICIT_RETAIN_SELF = YES;
				CLANG_WARN_OBJC_LITERAL_CONVERSION = YES;
				CLANG_WARN_OBJC_ROOT_CLASS = YES_ERROR;
				CLANG_WARN_QUOTED_INCLUDE_IN_FRAMEWORK_HEADER = YES;
				CLANG_WARN_RANGE_LOOP_ANALYSIS = YES;
				CLANG_WARN_STRICT_PROTOTYPES = YES;
				CLANG_WARN_SUSPICIOUS_MOVE = YES;
				CLANG_WARN_UNGUARDED_AVAILABILITY = YES_AGGRESSIVE;
				CLANG_WARN_UNREACHABLE_CODE = YES;
				CLANG_WARN__DUPLICATE_METHOD_MATCH = YES;
				COPY_PHASE_STRIP = NO;
				DEBUG_INFORMATION_FORMAT = "dwarf-with-dsym";
				ENABLE_NS_ASSERTIONS = NO;
				ENABLE_STRICT_OBJC_MSGSEND = YES;
				GCC_C_LANGUAGE_STANDARD = gnu11;
				GCC_NO_COMMON_BLOCKS = YES;
				GCC_WARN_64_TO_32_BIT_CONVERSION = YES;
				GCC_WARN_ABOUT_RETURN_TYPE = YES_ERROR;
				GCC_WARN_UNDECLARED_SELECTOR = YES;
				GCC_WARN_UNINITIALIZED_AUTOS = YES_AGGRESSIVE;
				GCC_WARN_UNUSED_FUNCTION = YES;
				GCC_WARN_UNUSED_VARIABLE = YES;
				IPHONEOS_DEPLOYMENT_TARGET = 16.0;
				MTL_ENABLE_DEBUG_INFO = NO;
				MTL_FAST_MATH = YES;
				SDKROOT = iphoneos;
				SWIFT_COMPILATION_MODE = wholemodule;
				SWIFT_OPTIMIZATION_LEVEL = "-O";
				VALIDATE_PRODUCT = YES;
			};
			name = Release;
		};
		CA8F49A528A6CBD70057A2A8 /* Debug */ = {
			isa = XCBuildConfiguration;
			buildSettings = {
				ASSETCATALOG_COMPILER_APPICON_NAME = AppIcon;
				ASSETCATALOG_COMPILER_GLOBAL_ACCENT_COLOR_NAME = AccentColor;
				CODE_SIGN_STYLE = Automatic;
				CURRENT_PROJECT_VERSION = 1;
				DEVELOPMENT_ASSET_PATHS = "\"iExpense/Preview Content\"";
				DEVELOPMENT_TEAM = 327N47HKNQ;
				ENABLE_PREVIEWS = YES;
				GENERATE_INFOPLIST_FILE = YES;
				INFOPLIST_KEY_UIApplicationSceneManifest_Generation = YES;
				INFOPLIST_KEY_UIApplicationSupportsIndirectInputEvents = YES;
				INFOPLIST_KEY_UILaunchScreen_Generation = YES;
				INFOPLIST_KEY_UISupportedInterfaceOrientations_iPad = "UIInterfaceOrientationPortrait UIInterfaceOrientationPortraitUpsideDown UIInterfaceOrientationLandscapeLeft UIInterfaceOrientationLandscapeRight";
				INFOPLIST_KEY_UISupportedInterfaceOrientations_iPhone = "UIInterfaceOrientationPortrait UIInterfaceOrientationLandscapeLeft UIInterfaceOrientationLandscapeRight";
				LD_RUNPATH_SEARCH_PATHS = (
					"$(inherited)",
					"@executable_path/Frameworks",
				);
				MARKETING_VERSION = 1.0;
				PRODUCT_BUNDLE_IDENTIFIER = com.MaddHatt.iExpense;
				PRODUCT_NAME = "$(TARGET_NAME)";
				SWIFT_EMIT_LOC_STRINGS = YES;
				SWIFT_VERSION = 5.0;
				TARGETED_DEVICE_FAMILY = "1,2";
			};
			name = Debug;
		};
		CA8F49A628A6CBD70057A2A8 /* Release */ = {
			isa = XCBuildConfiguration;
			buildSettings = {
				ASSETCATALOG_COMPILER_APPICON_NAME = AppIcon;
				ASSETCATALOG_COMPILER_GLOBAL_ACCENT_COLOR_NAME = AccentColor;
				CODE_SIGN_STYLE = Automatic;
				CURRENT_PROJECT_VERSION = 1;
				DEVELOPMENT_ASSET_PATHS = "\"iExpense/Preview Content\"";
				DEVELOPMENT_TEAM = 327N47HKNQ;
				ENABLE_PREVIEWS = YES;
				GENERATE_INFOPLIST_FILE = YES;
				INFOPLIST_KEY_UIApplicationSceneManifest_Generation = YES;
				INFOPLIST_KEY_UIApplicationSupportsIndirectInputEvents = YES;
				INFOPLIST_KEY_UILaunchScreen_Generation = YES;
				INFOPLIST_KEY_UISupportedInterfaceOrientations_iPad = "UIInterfaceOrientationPortrait UIInterfaceOrientationPortraitUpsideDown UIInterfaceOrientationLandscapeLeft UIInterfaceOrientationLandscapeRight";
				INFOPLIST_KEY_UISupportedInterfaceOrientations_iPhone = "UIInterfaceOrientationPortrait UIInterfaceOrientationLandscapeLeft UIInterfaceOrientationLandscapeRight";
				LD_RUNPATH_SEARCH_PATHS = (
					"$(inherited)",
					"@executable_path/Frameworks",
				);
				MARKETING_VERSION = 1.0;
				PRODUCT_BUNDLE_IDENTIFIER = com.MaddHatt.iExpense;
				PRODUCT_NAME = "$(TARGET_NAME)";
				SWIFT_EMIT_LOC_STRINGS = YES;
				SWIFT_VERSION = 5.0;
				TARGETED_DEVICE_FAMILY = "1,2";
			};
			name = Release;
		};
/* End XCBuildConfiguration section */

/* Begin XCConfigurationList section */
		CA8F499128A6CBD60057A2A8 /* Build configuration list for PBXProject "iExpense" */ = {
			isa = XCConfigurationList;
			buildConfigurations = (
				CA8F49A228A6CBD70057A2A8 /* Debug */,
				CA8F49A328A6CBD70057A2A8 /* Release */,
			);
			defaultConfigurationIsVisible = 0;
			defaultConfigurationName = Release;
		};
		CA8F49A428A6CBD70057A2A8 /* Build configuration list for PBXNativeTarget "iExpense" */ = {
			isa = XCConfigurationList;
			buildConfigurations = (
				CA8F49A528A6CBD70057A2A8 /* Debug */,
				CA8F49A628A6CBD70057A2A8 /* Release */,
			);
			defaultConfigurationIsVisible = 0;
			defaultConfigurationName = Release;
		};
/* End XCConfigurationList section */
	};
	rootObject = CA8F498E28A6CBD60057A2A8 /* Project object */;
}
